
Microsoft Visual Studio Solution File, Format Version 12.00
# Visual Studio Version 17
VisualStudioVersion = 17.6.33829.357
MinimumVisualStudioVersion = 10.0.40219.1
Project("{9A19103F-16F7-4668-BE54-9A1E7A4F7556}") = "NZWalks.API", "NZWalks.API\NZWalks.API.csproj", "{7F71540C-18DB-4019-836C-F2A59C6CC7E7}"
EndProject
Project("{FAE04EC0-301F-11D3-BF4B-00C04F79EFBC}") = "NZWalks.UI", "NZWlaks.UI\NZWalks.UI.csproj", "{9A32585F-4DE3-49AD-8C43-944191C30838}"
EndProject
Global
	GlobalSection(SolutionConfigurationPlatforms) = preSolution
		Debug|Any CPU = Debug|Any CPU
		Release|Any CPU = Release|Any CPU
	EndGlobalSection
	GlobalSection(ProjectConfigurationPlatforms) = postSolution
		{7F71540C-18DB-4019-836C-F2A59C6CC7E7}.Debug|Any CPU.ActiveCfg = Debug|Any CPU
		{7F71540C-18DB-4019-836C-F2A59C6CC7E7}.Debug|Any CPU.Build.0 = Debug|Any CPU
		{7F71540C-18DB-4019-836C-F2A59C6CC7E7}.Release|Any CPU.ActiveCfg = Release|Any CPU
		{7F71540C-18DB-4019-836C-F2A59C6CC7E7}.Release|Any CPU.Build.0 = Release|Any CPU
		{9A32585F-4DE3-49AD-8C43-944191C30838}.Debug|Any CPU.ActiveCfg = Debug|Any CPU
		{9A32585F-4DE3-49AD-8C43-944191C30838}.Debug|Any CPU.Build.0 = Debug|Any CPU
		{9A32585F-4DE3-49AD-8C43-944191C30838}.Release|Any CPU.ActiveCfg = Release|Any CPU
		{9A32585F-4DE3-49AD-8C43-944191C30838}.Release|Any CPU.Build.0 = Release|Any CPU
	EndGlobalSection
	GlobalSection(SolutionProperties) = preSolution
		HideSolutionNode = FALSE
	EndGlobalSection
	GlobalSection(ExtensibilityGlobals) = postSolution
		SolutionGuid = {A4E22CB1-6B1A-44F0-ABCE-C834ECF28C39}
	EndGlobalSection
EndGlobal
